
Microsoft Visual Studio Solution File, Format Version 12.00
# Visual Studio Version 17
VisualStudioVersion = 17.0.32112.339
MinimumVisualStudioVersion = 10.0.40219.1
Project("{FAE04EC0-301F-11D3-BF4B-00C04F79EFBC}") = "Handin_2", "Handin_2\Handin_2.csproj", "{ECAB97F0-D2C0-4F04-8BD2-EC5D20AD1657}"
EndProject
Project("{FAE04EC0-301F-11D3-BF4B-00C04F79EFBC}") = "Handin_2.test.unit", "Handin_2.test.unit\Handin_2.test.unit.csproj", "{791D5086-EADC-4465-8916-1F2145425DBF}"
EndProject
Project("{FAE04EC0-301F-11D3-BF4B-00C04F79EFBC}") = "Handin_2Demo", "Handin_2Demo\Handin_2Demo.csproj", "{D5BCC08F-2DFB-4B96-9FF7-58285BFB7087}"
EndProject
Global
	GlobalSection(SolutionConfigurationPlatforms) = preSolution
		Debug|Any CPU = Debug|Any CPU
		Release|Any CPU = Release|Any CPU
	EndGlobalSection
	GlobalSection(ProjectConfigurationPlatforms) = postSolution
		{ECAB97F0-D2C0-4F04-8BD2-EC5D20AD1657}.Debug|Any CPU.ActiveCfg = Debug|Any CPU
		{ECAB97F0-D2C0-4F04-8BD2-EC5D20AD1657}.Debug|Any CPU.Build.0 = Debug|Any CPU
		{ECAB97F0-D2C0-4F04-8BD2-EC5D20AD1657}.Release|Any CPU.ActiveCfg = Release|Any CPU
		{ECAB97F0-D2C0-4F04-8BD2-EC5D20AD1657}.Release|Any CPU.Build.0 = Release|Any CPU
		{791D5086-EADC-4465-8916-1F2145425DBF}.Debug|Any CPU.ActiveCfg = Debug|Any CPU
		{791D5086-EADC-4465-8916-1F2145425DBF}.Debug|Any CPU.Build.0 = Debug|Any CPU
		{791D5086-EADC-4465-8916-1F2145425DBF}.Release|Any CPU.ActiveCfg = Release|Any CPU
		{791D5086-EADC-4465-8916-1F2145425DBF}.Release|Any CPU.Build.0 = Release|Any CPU
		{D5BCC08F-2DFB-4B96-9FF7-58285BFB7087}.Debug|Any CPU.ActiveCfg = Debug|Any CPU
		{D5BCC08F-2DFB-4B96-9FF7-58285BFB7087}.Debug|Any CPU.Build.0 = Debug|Any CPU
		{D5BCC08F-2DFB-4B96-9FF7-58285BFB7087}.Release|Any CPU.ActiveCfg = Release|Any CPU
		{D5BCC08F-2DFB-4B96-9FF7-58285BFB7087}.Release|Any CPU.Build.0 = Release|Any CPU
	EndGlobalSection
	GlobalSection(SolutionProperties) = preSolution
		HideSolutionNode = FALSE
	EndGlobalSection
	GlobalSection(ExtensibilityGlobals) = postSolution
		SolutionGuid = {1A937B7C-05D4-4D4C-8ACA-464AFB45F225}
	EndGlobalSection
EndGlobal
